
Microsoft Visual Studio Solution File, Format Version 12.00
# Visual Studio Version 17
VisualStudioVersion = 17.11.35327.3
MinimumVisualStudioVersion = 10.0.40219.1
Project("{FAE04EC0-301F-11D3-BF4B-00C04F79EFBC}") = "OnlineInterestCalculator", "OnlineInterestCalculator\OnlineInterestCalculator.csproj", "{8FD5620B-0C3C-477A-8307-AFB15155EDE7}"
EndProject
Global
	GlobalSection(SolutionConfigurationPlatforms) = preSolution
		Debug|Any CPU = Debug|Any CPU
		Release|Any CPU = Release|Any CPU
	EndGlobalSection
	GlobalSection(ProjectConfigurationPlatforms) = postSolution
		{8FD5620B-0C3C-477A-8307-AFB15155EDE7}.Debug|Any CPU.ActiveCfg = Debug|Any CPU
		{8FD5620B-0C3C-477A-8307-AFB15155EDE7}.Debug|Any CPU.Build.0 = Debug|Any CPU
		{8FD5620B-0C3C-477A-8307-AFB15155EDE7}.Release|Any CPU.ActiveCfg = Release|Any CPU
		{8FD5620B-0C3C-477A-8307-AFB15155EDE7}.Release|Any CPU.Build.0 = Release|Any CPU
	EndGlobalSection
	GlobalSection(SolutionProperties) = preSolution
		HideSolutionNode = FALSE
	EndGlobalSection
	GlobalSection(ExtensibilityGlobals) = postSolution
		SolutionGuid = {1E2FEBA2-047F-459F-AAEC-5E960B541F1A}
	EndGlobalSection
EndGlobal
